
Microsoft Visual Studio Solution File, Format Version 12.00
# Visual Studio Version 17
VisualStudioVersion = 17.8.34330.188
MinimumVisualStudioVersion = 10.0.40219.1
Project("{2150E333-8FDC-42A3-9474-1A3956D46DE8}") = "src", "src", "{8E1C5411-8694-4FC1-993F-D3887A5CF72D}"
EndProject
Project("{9A19103F-16F7-4668-BE54-9A1E7A4F7556}") = "BetFriends.Api", "BetFriends.Api\BetFriends.Api.csproj", "{E3C25455-5118-4F86-996A-78EE78DB9FF3}"
EndProject
Project("{2150E333-8FDC-42A3-9474-1A3956D46DE8}") = "Modules", "Modules", "{DD37B69E-5DBC-4A7E-9301-F781A086F804}"
EndProject
Project("{2150E333-8FDC-42A3-9474-1A3956D46DE8}") = "Users", "Users", "{56213228-EE93-4630-BF41-7424E5B36D3A}"
EndProject
Project("{9A19103F-16F7-4668-BE54-9A1E7A4F7556}") = "BetFriends.Users.Application", "Modules\Users\BetFriends.Users.Application\BetFriends.Users.Application.csproj", "{03C02B13-2714-4C48-8428-2D51D08D5063}"
EndProject
Project("{2150E333-8FDC-42A3-9474-1A3956D46DE8}") = "Shared", "Shared", "{A1AB7A9C-DA33-4717-AD33-59FDF88C363A}"
EndProject
Project("{9A19103F-16F7-4668-BE54-9A1E7A4F7556}") = "BetFriends.Shared.Application", "Modules\Shared\BetFriends.Shared.Application\BetFriends.Shared.Application.csproj", "{28F7878E-6043-4993-8E75-142444BB907D}"
EndProject
Project("{9A19103F-16F7-4668-BE54-9A1E7A4F7556}") = "BetFriends.Users.Infrastructure", "Modules\Users\BetFriends.Users.Infrastructure\BetFriends.Users.Infrastructure.csproj", "{9D291425-5BB6-418C-9D55-71D5684E171A}"
EndProject
Project("{9A19103F-16F7-4668-BE54-9A1E7A4F7556}") = "BetFriends.Shared.Infrastructure", "Modules\Shared\BetFriends.Shared.Infrastructure\BetFriends.Shared.Infrastructure.csproj", "{ACF61A1C-2613-4D40-AC69-600C1673A319}"
EndProject
Project("{9A19103F-16F7-4668-BE54-9A1E7A4F7556}") = "BetFriends.Shared.Domain", "Modules\Shared\BetFriends.Shared.Domain\BetFriends.Shared.Domain.csproj", "{21078829-7C6C-4818-8C5B-F71A8B5412B5}"
EndProject
Project("{2150E333-8FDC-42A3-9474-1A3956D46DE8}") = "Bets", "Bets", "{D995ECD3-B579-4A27-8EB8-96E4416539E7}"
EndProject
Project("{9A19103F-16F7-4668-BE54-9A1E7A4F7556}") = "BetFriends.Bets.Application.UnitTests", "Modules\Bets\BetFriends.Bets.Application.UnitTests\BetFriends.Bets.Application.UnitTests.csproj", "{74034151-C22C-452E-8632-584078EB3C92}"
EndProject
Project("{9A19103F-16F7-4668-BE54-9A1E7A4F7556}") = "BetFriends.Bets.Domain", "Modules\Bets\BetFriends.Bets.Domain\BetFriends.Bets.Domain.csproj", "{CC515A78-9C78-4F22-ACBB-4C367CB20D6F}"
EndProject
Project("{9A19103F-16F7-4668-BE54-9A1E7A4F7556}") = "BetFriends.Bets.Application", "Modules\Bets\BetFriends.Bets.Application\BetFriends.Bets.Application.csproj", "{23BAEACC-51E7-4847-9232-93978D212833}"
EndProject
Project("{9A19103F-16F7-4668-BE54-9A1E7A4F7556}") = "BetFriends.Bets.Infrastructure", "Modules\Bets\BetFriends.Bets.Infrastructure\BetFriends.Bets.Infrastructure.csproj", "{56508450-9348-4F6F-A100-CBE9A585BE0E}"
EndProject
Project("{2150E333-8FDC-42A3-9474-1A3956D46DE8}") = "Solution items", "Solution items", "{52ED27DB-6A33-4769-B72C-A2FDC22E3867}"
	ProjectSection(SolutionItems) = preProject
		..\..\.gitignore = ..\..\.gitignore
		..\..\azure-pipelines.yml = ..\..\azure-pipelines.yml
		..\..\README.md = ..\..\README.md
	EndProjectSection
EndProject
Global
	GlobalSection(SolutionConfigurationPlatforms) = preSolution
		Debug|Any CPU = Debug|Any CPU
		Release|Any CPU = Release|Any CPU
	EndGlobalSection
	GlobalSection(ProjectConfigurationPlatforms) = postSolution
		{E3C25455-5118-4F86-996A-78EE78DB9FF3}.Debug|Any CPU.ActiveCfg = Debug|Any CPU
		{E3C25455-5118-4F86-996A-78EE78DB9FF3}.Debug|Any CPU.Build.0 = Debug|Any CPU
		{E3C25455-5118-4F86-996A-78EE78DB9FF3}.Release|Any CPU.ActiveCfg = Release|Any CPU
		{E3C25455-5118-4F86-996A-78EE78DB9FF3}.Release|Any CPU.Build.0 = Release|Any CPU
		{03C02B13-2714-4C48-8428-2D51D08D5063}.Debug|Any CPU.ActiveCfg = Debug|Any CPU
		{03C02B13-2714-4C48-8428-2D51D08D5063}.Debug|Any CPU.Build.0 = Debug|Any CPU
		{03C02B13-2714-4C48-8428-2D51D08D5063}.Release|Any CPU.ActiveCfg = Release|Any CPU
		{03C02B13-2714-4C48-8428-2D51D08D5063}.Release|Any CPU.Build.0 = Release|Any CPU
		{28F7878E-6043-4993-8E75-142444BB907D}.Debug|Any CPU.ActiveCfg = Debug|Any CPU
		{28F7878E-6043-4993-8E75-142444BB907D}.Debug|Any CPU.Build.0 = Debug|Any CPU
		{28F7878E-6043-4993-8E75-142444BB907D}.Release|Any CPU.ActiveCfg = Release|Any CPU
		{28F7878E-6043-4993-8E75-142444BB907D}.Release|Any CPU.Build.0 = Release|Any CPU
		{9D291425-5BB6-418C-9D55-71D5684E171A}.Debug|Any CPU.ActiveCfg = Debug|Any CPU
		{9D291425-5BB6-418C-9D55-71D5684E171A}.Debug|Any CPU.Build.0 = Debug|Any CPU
		{9D291425-5BB6-418C-9D55-71D5684E171A}.Release|Any CPU.ActiveCfg = Release|Any CPU
		{9D291425-5BB6-418C-9D55-71D5684E171A}.Release|Any CPU.Build.0 = Release|Any CPU
		{ACF61A1C-2613-4D40-AC69-600C1673A319}.Debug|Any CPU.ActiveCfg = Debug|Any CPU
		{ACF61A1C-2613-4D40-AC69-600C1673A319}.Debug|Any CPU.Build.0 = Debug|Any CPU
		{ACF61A1C-2613-4D40-AC69-600C1673A319}.Release|Any CPU.ActiveCfg = Release|Any CPU
		{ACF61A1C-2613-4D40-AC69-600C1673A319}.Release|Any CPU.Build.0 = Release|Any CPU
		{21078829-7C6C-4818-8C5B-F71A8B5412B5}.Debug|Any CPU.ActiveCfg = Debug|Any CPU
		{21078829-7C6C-4818-8C5B-F71A8B5412B5}.Debug|Any CPU.Build.0 = Debug|Any CPU
		{21078829-7C6C-4818-8C5B-F71A8B5412B5}.Release|Any CPU.ActiveCfg = Release|Any CPU
		{21078829-7C6C-4818-8C5B-F71A8B5412B5}.Release|Any CPU.Build.0 = Release|Any CPU
		{74034151-C22C-452E-8632-584078EB3C92}.Debug|Any CPU.ActiveCfg = Debug|Any CPU
		{74034151-C22C-452E-8632-584078EB3C92}.Debug|Any CPU.Build.0 = Debug|Any CPU
		{74034151-C22C-452E-8632-584078EB3C92}.Release|Any CPU.ActiveCfg = Release|Any CPU
		{74034151-C22C-452E-8632-584078EB3C92}.Release|Any CPU.Build.0 = Release|Any CPU
		{CC515A78-9C78-4F22-ACBB-4C367CB20D6F}.Debug|Any CPU.ActiveCfg = Debug|Any CPU
		{CC515A78-9C78-4F22-ACBB-4C367CB20D6F}.Debug|Any CPU.Build.0 = Debug|Any CPU
		{CC515A78-9C78-4F22-ACBB-4C367CB20D6F}.Release|Any CPU.ActiveCfg = Release|Any CPU
		{CC515A78-9C78-4F22-ACBB-4C367CB20D6F}.Release|Any CPU.Build.0 = Release|Any CPU
		{23BAEACC-51E7-4847-9232-93978D212833}.Debug|Any CPU.ActiveCfg = Debug|Any CPU
		{23BAEACC-51E7-4847-9232-93978D212833}.Debug|Any CPU.Build.0 = Debug|Any CPU
		{23BAEACC-51E7-4847-9232-93978D212833}.Release|Any CPU.ActiveCfg = Release|Any CPU
		{23BAEACC-51E7-4847-9232-93978D212833}.Release|Any CPU.Build.0 = Release|Any CPU
		{56508450-9348-4F6F-A100-CBE9A585BE0E}.Debug|Any CPU.ActiveCfg = Debug|Any CPU
		{56508450-9348-4F6F-A100-CBE9A585BE0E}.Debug|Any CPU.Build.0 = Debug|Any CPU
		{56508450-9348-4F6F-A100-CBE9A585BE0E}.Release|Any CPU.ActiveCfg = Release|Any CPU
		{56508450-9348-4F6F-A100-CBE9A585BE0E}.Release|Any CPU.Build.0 = Release|Any CPU
	EndGlobalSection
	GlobalSection(SolutionProperties) = preSolution
		HideSolutionNode = FALSE
	EndGlobalSection
	GlobalSection(NestedProjects) = preSolution
		{E3C25455-5118-4F86-996A-78EE78DB9FF3} = {8E1C5411-8694-4FC1-993F-D3887A5CF72D}
		{DD37B69E-5DBC-4A7E-9301-F781A086F804} = {8E1C5411-8694-4FC1-993F-D3887A5CF72D}
		{56213228-EE93-4630-BF41-7424E5B36D3A} = {DD37B69E-5DBC-4A7E-9301-F781A086F804}
		{03C02B13-2714-4C48-8428-2D51D08D5063} = {56213228-EE93-4630-BF41-7424E5B36D3A}
		{A1AB7A9C-DA33-4717-AD33-59FDF88C363A} = {DD37B69E-5DBC-4A7E-9301-F781A086F804}
		{28F7878E-6043-4993-8E75-142444BB907D} = {A1AB7A9C-DA33-4717-AD33-59FDF88C363A}
		{9D291425-5BB6-418C-9D55-71D5684E171A} = {56213228-EE93-4630-BF41-7424E5B36D3A}
		{ACF61A1C-2613-4D40-AC69-600C1673A319} = {A1AB7A9C-DA33-4717-AD33-59FDF88C363A}
		{21078829-7C6C-4818-8C5B-F71A8B5412B5} = {A1AB7A9C-DA33-4717-AD33-59FDF88C363A}
		{D995ECD3-B579-4A27-8EB8-96E4416539E7} = {DD37B69E-5DBC-4A7E-9301-F781A086F804}
		{74034151-C22C-452E-8632-584078EB3C92} = {D995ECD3-B579-4A27-8EB8-96E4416539E7}
		{CC515A78-9C78-4F22-ACBB-4C367CB20D6F} = {D995ECD3-B579-4A27-8EB8-96E4416539E7}
		{23BAEACC-51E7-4847-9232-93978D212833} = {D995ECD3-B579-4A27-8EB8-96E4416539E7}
		{56508450-9348-4F6F-A100-CBE9A585BE0E} = {D995ECD3-B579-4A27-8EB8-96E4416539E7}
	EndGlobalSection
	GlobalSection(ExtensibilityGlobals) = postSolution
		SolutionGuid = {E50D7076-60D6-4F25-9D2F-D39102CD001E}
	EndGlobalSection
EndGlobal
